{
  "name": "faufaatupuna",
  "version": "1.0.0",
  "lockfileVersion": 3,
  "requires": true,
  "packages": {
    "": {
      "name": "faufaatupuna",
      "version": "1.0.0",
      "license": "ISC",
      "dependencies": {
        "uikit": "^3.21.10"
      }
    },
    "node_modules/uikit": {
      "version": "3.21.10",
      "resolved": "https://registry.npmjs.org/uikit/-/uikit-3.21.10.tgz",
      "integrity": "sha512-bLxDQHE2FPmV4F1vyzWYktHYmoWc6gqF7ubhXM9X4omhrmhiy7xS7YxJV87KgmaZr2TYk5bOIP5hEnG2/ceVVw==",
      "license": "MIT"
    }
  }
}
